{
  "nodes": {
    "flake-utils": {
      "locked": {
        "lastModified": 1676283394,
        "narHash": "sha256-XX2f9c3iySLCw54rJ/CZs+ZK6IQy7GXNY4nSOyu2QG4=",
        "owner": "numtide",
        "repo": "flake-utils",
        "rev": "3db36a8b464d0c4532ba1c7dda728f4576d6d073",
        "type": "github"
      },
      "original": {
        "owner": "numtide",
        "repo": "flake-utils",
        "type": "github"
      }
    },
    "nim-bootstrap-source": {
      "flake": false,
      "locked": {
        "narHash": "sha256-WCsDQJEtHe9ZWrf0dAP1IXeSN0gkwyeOdRkvASa3moY=",
        "type": "tarball",
        "url": "https://nim-lang.org/download/nim-1.6.10-linux_x64.tar.xz"
      },
      "original": {
        "type": "tarball",
        "url": "https://nim-lang.org/download/nim-1.6.10-linux_x64.tar.xz"
      }
    },
    "nim-devel-source": {
      "flake": false,
      "locked": {
        "lastModified": 1677455856,
        "narHash": "sha256-SlByCaI4zEAx5qURvBBxn/Wl5g6YzuC2KXzQqrOkvvI=",
        "owner": "nim-lang",
        "repo": "Nim",
        "rev": "6fea221d65c999ef7923bf51bbdaa8421cb2e9df",
        "type": "github"
      },
      "original": {
        "owner": "nim-lang",
        "ref": "devel",
        "repo": "Nim",
        "type": "github"
      }
    },
    "nim-stable-source": {
      "flake": false,
      "locked": {
        "lastModified": 1668957715,
        "narHash": "sha256-wXQgpXPTIKDohCFIj1Et6AZYwwkFD/TLcUqBd6bbAUs=",
        "owner": "nim-lang",
        "repo": "Nim",
        "rev": "f1519259f85cbdf2d5ff617c6a5534fcd2ff6942",
        "type": "github"
      },
      "original": {
        "owner": "nim-lang",
        "ref": "v1.6.10",
        "repo": "Nim",
        "type": "github"
      }
    },
    "nimble-latest-source": {
      "flake": false,
      "locked": {
        "lastModified": 1676924255,
        "narHash": "sha256-oBxLzU9S2p34oqwtP4SK3JPG5wHUZFD4QnYihHcI2KQ=",
        "owner": "nim-lang",
        "repo": "nimble",
        "rev": "47531a69e8a9c499fe467efbd764d9a10c67c02e",
        "type": "github"
      },
      "original": {
        "owner": "nim-lang",
        "repo": "nimble",
        "type": "github"
      }
    },
    "nimble-source": {
      "flake": false,
      "locked": {
        "lastModified": 1671195186,
        "narHash": "sha256-saf+plIlx054pBfbhD2tzT/QGsfQTBcbWdmJue/m0TM=",
        "owner": "nim-lang",
        "repo": "nimble",
        "rev": "afd03bc000f4013c48f52381728327dabfccfc4c",
        "type": "github"
      },
      "original": {
        "owner": "nim-lang",
        "ref": "v0.14.1",
        "repo": "nimble",
        "type": "github"
      }
    },
    "nixpkgs": {
      "locked": {
        "lastModified": 1677383253,
        "narHash": "sha256-UfpzWfSxkfXHnb4boXZNaKsAcUrZT9Hw+tao1oZxd08=",
        "owner": "NixOS",
        "repo": "nixpkgs",
        "rev": "9952d6bc395f5841262b006fbace8dd7e143b634",
        "type": "github"
      },
      "original": {
        "owner": "NixOS",
        "ref": "nixpkgs-unstable",
        "repo": "nixpkgs",
        "type": "github"
      }
    },
    "root": {
      "inputs": {
        "flake-utils": "flake-utils",
        "nim-bootstrap-source": "nim-bootstrap-source",
        "nim-devel-source": "nim-devel-source",
        "nim-stable-source": "nim-stable-source",
        "nimble-latest-source": "nimble-latest-source",
        "nimble-source": "nimble-source",
        "nixpkgs": "nixpkgs"
      }
    }
  },
  "root": "root",
  "version": 7
}
